
Microsoft Visual Studio Solution File, Format Version 12.00
# Visual Studio 15
VisualStudioVersion = 15.0.28307.1082
MinimumVisualStudioVersion = 10.0.40219.1
Project("{FAE04EC0-301F-11D3-BF4B-00C04F79EFBC}") = "shutdown-computer", "shutdown-computer\shutdown-computer.csproj", "{22AA3820-7A59-465D-85D8-80AE30CEF0EC}"
EndProject
Global
	GlobalSection(SolutionConfigurationPlatforms) = preSolution
		Debug|Any CPU = Debug|Any CPU
		Release|Any CPU = Release|Any CPU
	EndGlobalSection
	GlobalSection(ProjectConfigurationPlatforms) = postSolution
		{22AA3820-7A59-465D-85D8-80AE30CEF0EC}.Debug|Any CPU.ActiveCfg = Debug|Any CPU
		{22AA3820-7A59-465D-85D8-80AE30CEF0EC}.Debug|Any CPU.Build.0 = Debug|Any CPU
		{22AA3820-7A59-465D-85D8-80AE30CEF0EC}.Release|Any CPU.ActiveCfg = Release|Any CPU
		{22AA3820-7A59-465D-85D8-80AE30CEF0EC}.Release|Any CPU.Build.0 = Release|Any CPU
	EndGlobalSection
	GlobalSection(SolutionProperties) = preSolution
		HideSolutionNode = FALSE
	EndGlobalSection
	GlobalSection(ExtensibilityGlobals) = postSolution
		SolutionGuid = {78A9C273-CC3B-48B5-A6F0-C24A7660B7D3}
	EndGlobalSection
EndGlobal
